
Microsoft Visual Studio Solution File, Format Version 12.00
# Visual Studio Version 17
VisualStudioVersion = 17.13.35931.197 d17.13
MinimumVisualStudioVersion = 10.0.40219.1
Project("{8BC9CEB8-8B4A-11D0-8D11-00A0C91BC942}") = "Console Display Class", "Console Display Class.vcxproj", "{24A46094-B842-414E-A1A5-EE5B7428DC3C}"
EndProject
Global
	GlobalSection(SolutionConfigurationPlatforms) = preSolution
		Debug|x64 = Debug|x64
		Debug|x86 = Debug|x86
		Release|x64 = Release|x64
		Release|x86 = Release|x86
	EndGlobalSection
	GlobalSection(ProjectConfigurationPlatforms) = postSolution
		{24A46094-B842-414E-A1A5-EE5B7428DC3C}.Debug|x64.ActiveCfg = Debug|x64
		{24A46094-B842-414E-A1A5-EE5B7428DC3C}.Debug|x64.Build.0 = Debug|x64
		{24A46094-B842-414E-A1A5-EE5B7428DC3C}.Debug|x86.ActiveCfg = Debug|Win32
		{24A46094-B842-414E-A1A5-EE5B7428DC3C}.Debug|x86.Build.0 = Debug|Win32
		{24A46094-B842-414E-A1A5-EE5B7428DC3C}.Release|x64.ActiveCfg = Release|x64
		{24A46094-B842-414E-A1A5-EE5B7428DC3C}.Release|x64.Build.0 = Release|x64
		{24A46094-B842-414E-A1A5-EE5B7428DC3C}.Release|x86.ActiveCfg = Release|Win32
		{24A46094-B842-414E-A1A5-EE5B7428DC3C}.Release|x86.Build.0 = Release|Win32
	EndGlobalSection
	GlobalSection(SolutionProperties) = preSolution
		HideSolutionNode = FALSE
	EndGlobalSection
	GlobalSection(ExtensibilityGlobals) = postSolution
		SolutionGuid = {41F1771D-58A4-4ECB-A09A-0059B5F66221}
	EndGlobalSection
EndGlobal
